// !$*UTF8*$!
{
	archiveVersion = 1;
	classes = {
	};
	objectVersion = 50;
	objects = {

/* Begin PBXBuildFile section */
		7929D0D12731565A00D33F5D /* AppDelegate.swift in Sources */ = {isa = PBXBuildFile; fileRef = 7929D0D02731565A00D33F5D /* AppDelegate.swift */; };
		7929D0D32731565A00D33F5D /* ViewController.swift in Sources */ = {isa = PBXBuildFile; fileRef = 7929D0D22731565A00D33F5D /* ViewController.swift */; };
		7929D0D52731565B00D33F5D /* Assets.xcassets in Resources */ = {isa = PBXBuildFile; fileRef = 7929D0D42731565B00D33F5D /* Assets.xcassets */; };
		7929D0D82731565B00D33F5D /* Main.storyboard in Resources */ = {isa = PBXBuildFile; fileRef = 7929D0D62731565B00D33F5D /* Main.storyboard */; };
		79AF917F273951C8000C5EF9 /* myFramework.framework in Frameworks */ = {isa = PBXBuildFile; fileRef = 79AF9176273951A6000C5EF9 /* myFramework.framework */; };
		79AF91812739521A000C5EF9 /* myFramework.framework in CopyFiles */ = {isa = PBXBuildFile; fileRef = 79AF9176273951A6000C5EF9 /* myFramework.framework */; settings = {ATTRIBUTES = (CodeSignOnCopy, RemoveHeadersOnCopy, ); }; };
/* End PBXBuildFile section */

/* Begin PBXContainerItemProxy section */
		79AF9175273951A6000C5EF9 /* PBXContainerItemProxy */ = {
			isa = PBXContainerItemProxy;
			containerPortal = 79AF9170273951A6000C5EF9 /* myFramework.xcodeproj */;
			proxyType = 2;
			remoteGlobalIDString = 7929D0EA2731569400D33F5D;
			remoteInfo = myFramework;
		};
		79AF9177273951A6000C5EF9 /* PBXContainerItemProxy */ = {
			isa = PBXContainerItemProxy;
			containerPortal = 79AF9170273951A6000C5EF9 /* myFramework.xcodeproj */;
			proxyType = 2;
			remoteGlobalIDString = 7929D0F32731569400D33F5D;
			remoteInfo = myFrameworkTests;
		};
		79AF917A273951BB000C5EF9 /* PBXContainerItemProxy */ = {
			isa = PBXContainerItemProxy;
			containerPortal = 79AF9170273951A6000C5EF9 /* myFramework.xcodeproj */;
			proxyType = 1;
			remoteGlobalIDString = 7929D0E92731569400D33F5D;
			remoteInfo = myFramework;
		};
/* End PBXContainerItemProxy section */

/* Begin PBXCopyFilesBuildPhase section */
		79AF9180273951F7000C5EF9 /* CopyFiles */ = {
			isa = PBXCopyFilesBuildPhase;
			buildActionMask = 2147483647;
			dstPath = "";
			dstSubfolderSpec = 10;
			files = (
				79AF91812739521A000C5EF9 /* myFramework.framework in CopyFiles */,
			);
			runOnlyForDeploymentPostprocessing = 0;
		};
/* End PBXCopyFilesBuildPhase section */

/* Begin PBXFileReference section */
		7929D0CD2731565A00D33F5D /* myApplication.app */ = {isa = PBXFileReference; explicitFileType = wrapper.application; includeInIndex = 0; path = myApplication.app; sourceTree = BUILT_PRODUCTS_DIR; };
		7929D0D02731565A00D33F5D /* AppDelegate.swift */ = {isa = PBXFileReference; lastKnownFileType = sourcecode.swift; path = AppDelegate.swift; sourceTree = "<group>"; };
		7929D0D22731565A00D33F5D /* ViewController.swift */ = {isa = PBXFileReference; lastKnownFileType = sourcecode.swift; path = ViewController.swift; sourceTree = "<group>"; };
		7929D0D42731565B00D33F5D /* Assets.xcassets */ = {isa = PBXFileReference; lastKnownFileType = folder.assetcatalog; path = Assets.xcassets; sourceTree = "<group>"; };
		7929D0D72731565B00D33F5D /* Base */ = {isa = PBXFileReference; lastKnownFileType = file.storyboard; name = Base; path = Base.lproj/Main.storyboard; sourceTree = "<group>"; };
		7929D0D92731565B00D33F5D /* Info.plist */ = {isa = PBXFileReference; lastKnownFileType = text.plist.xml; path = Info.plist; sourceTree = "<group>"; };
		7929D0DA2731565B00D33F5D /* myApplication.entitlements */ = {isa = PBXFileReference; lastKnownFileType = text.plist.entitlements; path = myApplication.entitlements; sourceTree = "<group>"; };
		79AF9170273951A6000C5EF9 /* myFramework.xcodeproj */ = {isa = PBXFileReference; lastKnownFileType = "wrapper.pb-project"; name = myFramework.xcodeproj; path = ../../TestFramework/myFramework/myFramework.xcodeproj; sourceTree = "<group>"; };
/* End PBXFileReference section */

/* Begin PBXFrameworksBuildPhase section */
		7929D0CA2731565A00D33F5D /* Frameworks */ = {
			isa = PBXFrameworksBuildPhase;
			buildActionMask = 2147483647;
			files = (
				79AF917F273951C8000C5EF9 /* myFramework.framework in Frameworks */,
			);
			runOnlyForDeploymentPostprocessing = 0;
		};
/* End PBXFrameworksBuildPhase section */

/* Begin PBXGroup section */
		7929D0C42731565A00D33F5D = {
			isa = PBXGroup;
			children = (
				7929D0CF2731565A00D33F5D /* myApplication */,
				7929D0CE2731565A00D33F5D /* Products */,
				79AF917E273951C8000C5EF9 /* Frameworks */,
			);
			sourceTree = "<group>";
		};
		7929D0CE2731565A00D33F5D /* Products */ = {
			isa = PBXGroup;
			children = (
				7929D0CD2731565A00D33F5D /* myApplication.app */,
			);
			name = Products;
			sourceTree = "<group>";
		};
		7929D0CF2731565A00D33F5D /* myApplication */ = {
			isa = PBXGroup;
			children = (
				79AF9170273951A6000C5EF9 /* myFramework.xcodeproj */,
				7929D0D02731565A00D33F5D /* AppDelegate.swift */,
				7929D0D22731565A00D33F5D /* ViewController.swift */,
				7929D0D42731565B00D33F5D /* Assets.xcassets */,
				7929D0D62731565B00D33F5D /* Main.storyboard */,
				7929D0D92731565B00D33F5D /* Info.plist */,
				7929D0DA2731565B00D33F5D /* myApplication.entitlements */,
			);
			path = myApplication;
			sourceTree = "<group>";
		};
		79AF9171273951A6000C5EF9 /* Products */ = {
			isa = PBXGroup;
			children = (
				79AF9176273951A6000C5EF9 /* myFramework.framework */,
				79AF9178273951A6000C5EF9 /* myFrameworkTests.xctest */,
			);
			name = Products;
			sourceTree = "<group>";
		};
		79AF917E273951C8000C5EF9 /* Frameworks */ = {
			isa = PBXGroup;
			children = (
			);
			name = Frameworks;
			sourceTree = "<group>";
		};
/* End PBXGroup section */

/* Begin PBXNativeTarget section */
		7929D0CC2731565A00D33F5D /* myApplication */ = {
			isa = PBXNativeTarget;
			buildConfigurationList = 7929D0DD2731565B00D33F5D /* Build configuration list for PBXNativeTarget "myApplication" */;
			buildPhases = (
				7929D0C92731565A00D33F5D /* Sources */,
				7929D0CA2731565A00D33F5D /* Frameworks */,
				7929D0CB2731565A00D33F5D /* Resources */,
				79AF9180273951F7000C5EF9 /* CopyFiles */,
			);
			buildRules = (
			);
			dependencies = (
				79AF917B273951BB000C5EF9 /* PBXTargetDependency */,
			);
			name = myApplication;
			productName = myApplication;
			productReference = 7929D0CD2731565A00D33F5D /* myApplication.app */;
			productType = "com.apple.product-type.application";
		};
/* End PBXNativeTarget section */

/* Begin PBXProject section */
		7929D0C52731565A00D33F5D /* Project object */ = {
			isa = PBXProject;
			attributes = {
				LastSwiftUpdateCheck = 1250;
				LastUpgradeCheck = 1250;
				TargetAttributes = {
					7929D0CC2731565A00D33F5D = {
						CreatedOnToolsVersion = 12.5;
					};
				};
			};
			buildConfigurationList = 7929D0C82731565A00D33F5D /* Build configuration list for PBXProject "myApplication" */;
			compatibilityVersion = "Xcode 9.3";
			developmentRegion = en;
			hasScannedForEncodings = 0;
			knownRegions = (
				en,
				Base,
			);
			mainGroup = 7929D0C42731565A00D33F5D;
			productRefGroup = 7929D0CE2731565A00D33F5D /* Products */;
			projectDirPath = "";
			projectReferences = (
				{
					ProductGroup = 79AF9171273951A6000C5EF9 /* Products */;
					ProjectRef = 79AF9170273951A6000C5EF9 /* myFramework.xcodeproj */;
				},
			);
			projectRoot = "";
			targets = (
				7929D0CC2731565A00D33F5D /* myApplication */,
			);
		};
/* End PBXProject section */

/* Begin PBXReferenceProxy section */
		79AF9176273951A6000C5EF9 /* myFramework.framework */ = {
			isa = PBXReferenceProxy;
			fileType = wrapper.framework;
			path = myFramework.framework;
			remoteRef = 79AF9175273951A6000C5EF9 /* PBXContainerItemProxy */;
			sourceTree = BUILT_PRODUCTS_DIR;
		};
		79AF9178273951A6000C5EF9 /* myFrameworkTests.xctest */ = {
			isa = PBXReferenceProxy;
			fileType = wrapper.cfbundle;
			path = myFrameworkTests.xctest;
			remoteRef = 79AF9177273951A6000C5EF9 /* PBXContainerItemProxy */;
			sourceTree = BUILT_PRODUCTS_DIR;
		};
/* End PBXReferenceProxy section */

/* Begin PBXResourcesBuildPhase section */
		7929D0CB2731565A00D33F5D /* Resources */ = {
			isa = PBXResourcesBuildPhase;
			buildActionMask = 2147483647;
			files = (
				7929D0D52731565B00D33F5D /* Assets.xcassets in Resources */,
				7929D0D82731565B00D33F5D /* Main.storyboard in Resources */,
			);
			runOnlyForDeploymentPostprocessing = 0;
		};
/* End PBXResourcesBuildPhase section */

/* Begin PBXSourcesBuildPhase section */
		7929D0C92731565A00D33F5D /* Sources */ = {
			isa = PBXSourcesBuildPhase;
			buildActionMask = 2147483647;
			files = (
				7929D0D32731565A00D33F5D /* ViewController.swift in Sources */,
				7929D0D12731565A00D33F5D /* AppDelegate.swift in Sources */,
			);
			runOnlyForDeploymentPostprocessing = 0;
		};
/* End PBXSourcesBuildPhase section */

/* Begin PBXTargetDependency section */
		79AF917B273951BB000C5EF9 /* PBXTargetDependency */ = {
			isa = PBXTargetDependency;
			name = myFramework;
			targetProxy = 79AF917A273951BB000C5EF9 /* PBXContainerItemProxy */;
		};
/* End PBXTargetDependency section */

/* Begin PBXVariantGroup section */
		7929D0D62731565B00D33F5D /* Main.storyboard */ = {
			isa = PBXVariantGroup;
			children = (
				7929D0D72731565B00D33F5D /* Base */,
			);
			name = Main.storyboard;
			sourceTree = "<group>";
		};
/* End PBXVariantGroup section */

/* Begin XCBuildConfiguration section */
		7929D0DB2731565B00D33F5D /* Debug */ = {
			isa = XCBuildConfiguration;
			buildSettings = {
				ALWAYS_SEARCH_USER_PATHS = NO;
				CLANG_ANALYZER_NONNULL = YES;
				CLANG_ANALYZER_NUMBER_OBJECT_CONVERSION = YES_AGGRESSIVE;
				CLANG_CXX_LANGUAGE_STANDARD = "gnu++14";
				CLANG_CXX_LIBRARY = "libc++";
				CLANG_ENABLE_MODULES = YES;
				CLANG_ENABLE_OBJC_ARC = YES;
				CLANG_ENABLE_OBJC_WEAK = YES;
				CLANG_WARN_BLOCK_CAPTURE_AUTORELEASING = YES;
				CLANG_WARN_BOOL_CONVERSION = YES;
				CLANG_WARN_COMMA = YES;
				CLANG_WARN_CONSTANT_CONVERSION = YES;
				CLANG_WARN_DEPRECATED_OBJC_IMPLEMENTATIONS = YES;
				CLANG_WARN_DIRECT_OBJC_ISA_USAGE = YES_ERROR;
				CLANG_WARN_DOCUMENTATION_COMMENTS = YES;
				CLANG_WARN_EMPTY_BODY = YES;
				CLANG_WARN_ENUM_CONVERSION = YES;
				CLANG_WARN_INFINITE_RECURSION = YES;
				CLANG_WARN_INT_CONVERSION = YES;
				CLANG_WARN_NON_LITERAL_NULL_CONVERSION = YES;
				CLANG_WARN_OBJC_IMPLICIT_RETAIN_SELF = YES;
				CLANG_WARN_OBJC_LITERAL_CONVERSION = YES;
				CLANG_WARN_OBJC_ROOT_CLASS = YES_ERROR;
				CLANG_WARN_QUOTED_INCLUDE_IN_FRAMEWORK_HEADER = YES;
				CLANG_WARN_RANGE_LOOP_ANALYSIS = YES;
				CLANG_WARN_STRICT_PROTOTYPES = YES;
				CLANG_WARN_SUSPICIOUS_MOVE = YES;
				CLANG_WARN_UNGUARDED_AVAILABILITY = YES_AGGRESSIVE;
				CLANG_WARN_UNREACHABLE_CODE = YES;
				CLANG_WARN__DUPLICATE_METHOD_MATCH = YES;
				COPY_PHASE_STRIP = NO;
				DEBUG_INFORMATION_FORMAT = dwarf;
				ENABLE_STRICT_OBJC_MSGSEND = YES;
				ENABLE_TESTABILITY = YES;
				GCC_C_LANGUAGE_STANDARD = gnu11;
				GCC_DYNAMIC_NO_PIC = NO;
				GCC_NO_COMMON_BLOCKS = YES;
				GCC_OPTIMIZATION_LEVEL = 0;
				GCC_PREPROCESSOR_DEFINITIONS = (
					"DEBUG=1",
					"$(inherited)",
				);
				GCC_WARN_64_TO_32_BIT_CONVERSION = YES;
				GCC_WARN_ABOUT_RETURN_TYPE = YES_ERROR;
				GCC_WARN_UNDECLARED_SELECTOR = YES;
				GCC_WARN_UNINITIALIZED_AUTOS = YES_AGGRESSIVE;
				GCC_WARN_UNUSED_FUNCTION = YES;
				GCC_WARN_UNUSED_VARIABLE = YES;
				MACOSX_DEPLOYMENT_TARGET = 11.3;
				MTL_ENABLE_DEBUG_INFO = INCLUDE_SOURCE;
				MTL_FAST_MATH = YES;
				ONLY_ACTIVE_ARCH = YES;
				SDKROOT = macosx;
				SWIFT_ACTIVE_COMPILATION_CONDITIONS = DEBUG;
				SWIFT_OPTIMIZATION_LEVEL = "-Onone";
			};
			name = Debug;
		};
		7929D0DC2731565B00D33F5D /* Release */ = {
			isa = XCBuildConfiguration;
			buildSettings = {
				ALWAYS_SEARCH_USER_PATHS = NO;
				CLANG_ANALYZER_NONNULL = YES;
				CLANG_ANALYZER_NUMBER_OBJECT_CONVERSION = YES_AGGRESSIVE;
				CLANG_CXX_LANGUAGE_STANDARD = "gnu++14";
				CLANG_CXX_LIBRARY = "libc++";
				CLANG_ENABLE_MODULES = YES;
				CLANG_ENABLE_OBJC_ARC = YES;
				CLANG_ENABLE_OBJC_WEAK = YES;
				CLANG_WARN_BLOCK_CAPTURE_AUTORELEASING = YES;
				CLANG_WARN_BOOL_CONVERSION = YES;
				CLANG_WARN_COMMA = YES;
				CLANG_WARN_CONSTANT_CONVERSION = YES;
				CLANG_WARN_DEPRECATED_OBJC_IMPLEMENTATIONS = YES;
				CLANG_WARN_DIRECT_OBJC_ISA_USAGE = YES_ERROR;
				CLANG_WARN_DOCUMENTATION_COMMENTS = YES;
				CLANG_WARN_EMPTY_BODY = YES;
				CLANG_WARN_ENUM_CONVERSION = YES;
				CLANG_WARN_INFINITE_RECURSION = YES;
				CLANG_WARN_INT_CONVERSION = YES;
				CLANG_WARN_NON_LITERAL_NULL_CONVERSION = YES;
				CLANG_WARN_OBJC_IMPLICIT_RETAIN_SELF = YES;
				CLANG_WARN_OBJC_LITERAL_CONVERSION = YES;
				CLANG_WARN_OBJC_ROOT_CLASS = YES_ERROR;
				CLANG_WARN_QUOTED_INCLUDE_IN_FRAMEWORK_HEADER = YES;
				CLANG_WARN_RANGE_LOOP_ANALYSIS = YES;
				CLANG_WARN_STRICT_PROTOTYPES = YES;
				CLANG_WARN_SUSPICIOUS_MOVE = YES;
				CLANG_WARN_UNGUARDED_AVAILABILITY = YES_AGGRESSIVE;
				CLANG_WARN_UNREACHABLE_CODE = YES;
				CLANG_WARN__DUPLICATE_METHOD_MATCH = YES;
				COPY_PHASE_STRIP = NO;
				DEBUG_INFORMATION_FORMAT = "dwarf-with-dsym";
				ENABLE_NS_ASSERTIONS = NO;
				ENABLE_STRICT_OBJC_MSGSEND = YES;
				GCC_C_LANGUAGE_STANDARD = gnu11;
				GCC_NO_COMMON_BLOCKS = YES;
				GCC_WARN_64_TO_32_BIT_CONVERSION = YES;
				GCC_WARN_ABOUT_RETURN_TYPE = YES_ERROR;
				GCC_WARN_UNDECLARED_SELECTOR = YES;
				GCC_WARN_UNINITIALIZED_AUTOS = YES_AGGRESSIVE;
				GCC_WARN_UNUSED_FUNCTION = YES;
				GCC_WARN_UNUSED_VARIABLE = YES;
				MACOSX_DEPLOYMENT_TARGET = 11.3;
				MTL_ENABLE_DEBUG_INFO = NO;
				MTL_FAST_MATH = YES;
				SDKROOT = macosx;
				SWIFT_COMPILATION_MODE = wholemodule;
				SWIFT_OPTIMIZATION_LEVEL = "-O";
			};
			name = Release;
		};
		7929D0DE2731565B00D33F5D /* Debug */ = {
			isa = XCBuildConfiguration;
			buildSettings = {
				ASSETCATALOG_COMPILER_APPICON_NAME = AppIcon;
				ASSETCATALOG_COMPILER_GLOBAL_ACCENT_COLOR_NAME = AccentColor;
				CODE_SIGN_ENTITLEMENTS = myApplication/myApplication.entitlements;
				CODE_SIGN_STYLE = Automatic;
				COMBINE_HIDPI_IMAGES = YES;
				FRAMEWORK_SEARCH_PATHS = (
					"$(inherited)",
					"$(PROJECT_DIR)",
				);
				INFOPLIST_FILE = myApplication/Info.plist;
				LD_RUNPATH_SEARCH_PATHS = (
					"$(inherited)",
					"@executable_path/../Frameworks",
				);
				PRODUCT_BUNDLE_IDENTIFIER = example.myApplication;
				PRODUCT_NAME = "$(TARGET_NAME)";
				SWIFT_VERSION = 5.0;
			};
			name = Debug;
		};
		7929D0DF2731565B00D33F5D /* Release */ = {
			isa = XCBuildConfiguration;
			buildSettings = {
				ASSETCATALOG_COMPILER_APPICON_NAME = AppIcon;
				ASSETCATALOG_COMPILER_GLOBAL_ACCENT_COLOR_NAME = AccentColor;
				CODE_SIGN_ENTITLEMENTS = myApplication/myApplication.entitlements;
				CODE_SIGN_STYLE = Automatic;
				COMBINE_HIDPI_IMAGES = YES;
				FRAMEWORK_SEARCH_PATHS = (
					"$(inherited)",
					"$(PROJECT_DIR)",
				);
				INFOPLIST_FILE = myApplication/Info.plist;
				LD_RUNPATH_SEARCH_PATHS = (
					"$(inherited)",
					"@executable_path/../Frameworks",
				);
				PRODUCT_BUNDLE_IDENTIFIER = example.myApplication;
				PRODUCT_NAME = "$(TARGET_NAME)";
				SWIFT_VERSION = 5.0;
			};
			name = Release;
		};
/* End XCBuildConfiguration section */

/* Begin XCConfigurationList section */
		7929D0C82731565A00D33F5D /* Build configuration list for PBXProject "myApplication" */ = {
			isa = XCConfigurationList;
			buildConfigurations = (
				7929D0DB2731565B00D33F5D /* Debug */,
				7929D0DC2731565B00D33F5D /* Release */,
			);
			defaultConfigurationIsVisible = 0;
			defaultConfigurationName = Release;
		};
		7929D0DD2731565B00D33F5D /* Build configuration list for PBXNativeTarget "myApplication" */ = {
			isa = XCConfigurationList;
			buildConfigurations = (
				7929D0DE2731565B00D33F5D /* Debug */,
				7929D0DF2731565B00D33F5D /* Release */,
			);
			defaultConfigurationIsVisible = 0;
			defaultConfigurationName = Release;
		};
/* End XCConfigurationList section */
	};
	rootObject = 7929D0C52731565A00D33F5D /* Project object */;
}
